// !$*UTF8*$!
{
	archiveVersion = 1;
	classes = {
	};
	objectVersion = 50;
	objects = {

/* Begin PBXBuildFile section */
		352DD815233BFFD000F68C78 /* AppDelegate.swift in Sources */ = {isa = PBXBuildFile; fileRef = 352DD814233BFFD000F68C78 /* AppDelegate.swift */; };
		352DD81A233BFFD000F68C78 /* Main.storyboard in Resources */ = {isa = PBXBuildFile; fileRef = 352DD818233BFFD000F68C78 /* Main.storyboard */; };
		352DD81D233BFFD000F68C78 /* Task.xcdatamodeld in Sources */ = {isa = PBXBuildFile; fileRef = 352DD81B233BFFD000F68C78 /* Task.xcdatamodeld */; };
		352DD81F233BFFD000F68C78 /* Assets.xcassets in Resources */ = {isa = PBXBuildFile; fileRef = 352DD81E233BFFD000F68C78 /* Assets.xcassets */; };
		352DD822233BFFD000F68C78 /* LaunchScreen.storyboard in Resources */ = {isa = PBXBuildFile; fileRef = 352DD820233BFFD000F68C78 /* LaunchScreen.storyboard */; };
		352DD82F233C01A600F68C78 /* TaskListTableViewController.swift in Sources */ = {isa = PBXBuildFile; fileRef = 352DD82E233C01A600F68C78 /* TaskListTableViewController.swift */; };
		352DD831233C01FB00F68C78 /* TaskDetailTableViewController.swift in Sources */ = {isa = PBXBuildFile; fileRef = 352DD830233C01FB00F68C78 /* TaskDetailTableViewController.swift */; };
		352DD833233C02AF00F68C78 /* CoreDataStack.swift in Sources */ = {isa = PBXBuildFile; fileRef = 352DD832233C02AF00F68C78 /* CoreDataStack.swift */; };
		352DD836233C042300F68C78 /* Task+Convenience.swift in Sources */ = {isa = PBXBuildFile; fileRef = 352DD835233C042300F68C78 /* Task+Convenience.swift */; };
		352DD838233C05FC00F68C78 /* TaskController.swift in Sources */ = {isa = PBXBuildFile; fileRef = 352DD837233C05FC00F68C78 /* TaskController.swift */; };
		352DD83A233C1B5D00F68C78 /* DateHelper.swift in Sources */ = {isa = PBXBuildFile; fileRef = 352DD839233C1B5D00F68C78 /* DateHelper.swift */; };
		352DD83F233C30C900F68C78 /* ButtonTableViewCell.swift in Sources */ = {isa = PBXBuildFile; fileRef = 352DD83E233C30C900F68C78 /* ButtonTableViewCell.swift */; };
/* End PBXBuildFile section */

/* Begin PBXFileReference section */
		352DD811233BFFD000F68C78 /* Task.app */ = {isa = PBXFileReference; explicitFileType = wrapper.application; includeInIndex = 0; path = Task.app; sourceTree = BUILT_PRODUCTS_DIR; };
		352DD814233BFFD000F68C78 /* AppDelegate.swift */ = {isa = PBXFileReference; lastKnownFileType = sourcecode.swift; path = AppDelegate.swift; sourceTree = "<group>"; };
		352DD819233BFFD000F68C78 /* Base */ = {isa = PBXFileReference; lastKnownFileType = file.storyboard; name = Base; path = Base.lproj/Main.storyboard; sourceTree = "<group>"; };
		352DD81C233BFFD000F68C78 /* Task.xcdatamodel */ = {isa = PBXFileReference; lastKnownFileType = wrapper.xcdatamodel; path = Task.xcdatamodel; sourceTree = "<group>"; };
		352DD81E233BFFD000F68C78 /* Assets.xcassets */ = {isa = PBXFileReference; lastKnownFileType = folder.assetcatalog; path = Assets.xcassets; sourceTree = "<group>"; };
		352DD821233BFFD000F68C78 /* Base */ = {isa = PBXFileReference; lastKnownFileType = file.storyboard; name = Base; path = Base.lproj/LaunchScreen.storyboard; sourceTree = "<group>"; };
		352DD823233BFFD000F68C78 /* Info.plist */ = {isa = PBXFileReference; lastKnownFileType = text.plist.xml; path = Info.plist; sourceTree = "<group>"; };
		352DD82E233C01A600F68C78 /* TaskListTableViewController.swift */ = {isa = PBXFileReference; lastKnownFileType = sourcecode.swift; path = TaskListTableViewController.swift; sourceTree = "<group>"; };
		352DD830233C01FB00F68C78 /* TaskDetailTableViewController.swift */ = {isa = PBXFileReference; lastKnownFileType = sourcecode.swift; path = TaskDetailTableViewController.swift; sourceTree = "<group>"; };
		352DD832233C02AF00F68C78 /* CoreDataStack.swift */ = {isa = PBXFileReference; lastKnownFileType = sourcecode.swift; path = CoreDataStack.swift; sourceTree = "<group>"; };
		352DD835233C042300F68C78 /* Task+Convenience.swift */ = {isa = PBXFileReference; lastKnownFileType = sourcecode.swift; path = "Task+Convenience.swift"; sourceTree = "<group>"; };
		352DD837233C05FC00F68C78 /* TaskController.swift */ = {isa = PBXFileReference; lastKnownFileType = sourcecode.swift; path = TaskController.swift; sourceTree = "<group>"; };
		352DD839233C1B5D00F68C78 /* DateHelper.swift */ = {isa = PBXFileReference; lastKnownFileType = sourcecode.swift; path = DateHelper.swift; sourceTree = "<group>"; };
		352DD83E233C30C900F68C78 /* ButtonTableViewCell.swift */ = {isa = PBXFileReference; lastKnownFileType = sourcecode.swift; path = ButtonTableViewCell.swift; sourceTree = "<group>"; };
/* End PBXFileReference section */

/* Begin PBXFrameworksBuildPhase section */
		352DD80E233BFFD000F68C78 /* Frameworks */ = {
			isa = PBXFrameworksBuildPhase;
			buildActionMask = 2147483647;
			files = (
			);
			runOnlyForDeploymentPostprocessing = 0;
		};
/* End PBXFrameworksBuildPhase section */

/* Begin PBXGroup section */
		352DD808233BFFD000F68C78 = {
			isa = PBXGroup;
			children = (
				352DD813233BFFD000F68C78 /* Task */,
				352DD812233BFFD000F68C78 /* Products */,
			);
			sourceTree = "<group>";
		};
		352DD812233BFFD000F68C78 /* Products */ = {
			isa = PBXGroup;
			children = (
				352DD811233BFFD000F68C78 /* Task.app */,
			);
			name = Products;
			sourceTree = "<group>";
		};
		352DD813233BFFD000F68C78 /* Task */ = {
			isa = PBXGroup;
			children = (
				352DD81B233BFFD000F68C78 /* Task.xcdatamodeld */,
				352DD834233C03E100F68C78 /* Models */,
				352DD82C233C017F00F68C78 /* Model Controllers */,
				352DD82D233C018900F68C78 /* View Controllers */,
				352DD82A233C000E00F68C78 /* Views */,
				352DD83D233C2CA500F68C78 /* Utilities */,
				352DD829233BFFDC00F68C78 /* Resources */,
			);
			path = Task;
			sourceTree = "<group>";
		};
		352DD829233BFFDC00F68C78 /* Resources */ = {
			isa = PBXGroup;
			children = (
				352DD814233BFFD000F68C78 /* AppDelegate.swift */,
				352DD81E233BFFD000F68C78 /* Assets.xcassets */,
				352DD820233BFFD000F68C78 /* LaunchScreen.storyboard */,
				352DD823233BFFD000F68C78 /* Info.plist */,
			);
			path = Resources;
			sourceTree = "<group>";
		};
		352DD82A233C000E00F68C78 /* Views */ = {
			isa = PBXGroup;
			children = (
				352DD818233BFFD000F68C78 /* Main.storyboard */,
				352DD83E233C30C900F68C78 /* ButtonTableViewCell.swift */,
			);
			path = Views;
			sourceTree = "<group>";
		};
		352DD82C233C017F00F68C78 /* Model Controllers */ = {
			isa = PBXGroup;
			children = (
				352DD837233C05FC00F68C78 /* TaskController.swift */,
			);
			path = "Model Controllers";
			sourceTree = "<group>";
		};
		352DD82D233C018900F68C78 /* View Controllers */ = {
			isa = PBXGroup;
			children = (
				352DD82E233C01A600F68C78 /* TaskListTableViewController.swift */,
				352DD830233C01FB00F68C78 /* TaskDetailTableViewController.swift */,
			);
			path = "View Controllers";
			sourceTree = "<group>";
		};
		352DD834233C03E100F68C78 /* Models */ = {
			isa = PBXGroup;
			children = (
				352DD832233C02AF00F68C78 /* CoreDataStack.swift */,
				352DD835233C042300F68C78 /* Task+Convenience.swift */,
			);
			path = Models;
			sourceTree = "<group>";
		};
		352DD83D233C2CA500F68C78 /* Utilities */ = {
			isa = PBXGroup;
			children = (
				352DD839233C1B5D00F68C78 /* DateHelper.swift */,
			);
			path = Utilities;
			sourceTree = "<group>";
		};
/* End PBXGroup section */

/* Begin PBXNativeTarget section */
		352DD810233BFFD000F68C78 /* Task */ = {
			isa = PBXNativeTarget;
			buildConfigurationList = 352DD826233BFFD000F68C78 /* Build configuration list for PBXNativeTarget "Task" */;
			buildPhases = (
				352DD80D233BFFD000F68C78 /* Sources */,
				352DD80E233BFFD000F68C78 /* Frameworks */,
				352DD80F233BFFD000F68C78 /* Resources */,
			);
			buildRules = (
			);
			dependencies = (
			);
			name = Task;
			productName = Task;
			productReference = 352DD811233BFFD000F68C78 /* Task.app */;
			productType = "com.apple.product-type.application";
		};
/* End PBXNativeTarget section */

/* Begin PBXProject section */
		352DD809233BFFD000F68C78 /* Project object */ = {
			isa = PBXProject;
			attributes = {
				LastSwiftUpdateCheck = 1010;
				LastUpgradeCheck = 1010;
				ORGANIZATIONNAME = "Squanto Inc";
				TargetAttributes = {
					352DD810233BFFD000F68C78 = {
						CreatedOnToolsVersion = 10.1;
					};
				};
			};
			buildConfigurationList = 352DD80C233BFFD000F68C78 /* Build configuration list for PBXProject "Task" */;
			compatibilityVersion = "Xcode 9.3";
			developmentRegion = en;
			hasScannedForEncodings = 0;
			knownRegions = (
				en,
				Base,
			);
			mainGroup = 352DD808233BFFD000F68C78;
			productRefGroup = 352DD812233BFFD000F68C78 /* Products */;
			projectDirPath = "";
			projectRoot = "";
			targets = (
				352DD810233BFFD000F68C78 /* Task */,
			);
		};
/* End PBXProject section */

/* Begin PBXResourcesBuildPhase section */
		352DD80F233BFFD000F68C78 /* Resources */ = {
			isa = PBXResourcesBuildPhase;
			buildActionMask = 2147483647;
			files = (
				352DD822233BFFD000F68C78 /* LaunchScreen.storyboard in Resources */,
				352DD81F233BFFD000F68C78 /* Assets.xcassets in Resources */,
				352DD81A233BFFD000F68C78 /* Main.storyboard in Resources */,
			);
			runOnlyForDeploymentPostprocessing = 0;
		};
/* End PBXResourcesBuildPhase section */

/* Begin PBXSourcesBuildPhase section */
		352DD80D233BFFD000F68C78 /* Sources */ = {
			isa = PBXSourcesBuildPhase;
			buildActionMask = 2147483647;
			files = (
				352DD83F233C30C900F68C78 /* ButtonTableViewCell.swift in Sources */,
				352DD838233C05FC00F68C78 /* TaskController.swift in Sources */,
				352DD833233C02AF00F68C78 /* CoreDataStack.swift in Sources */,
				352DD82F233C01A600F68C78 /* TaskListTableViewController.swift in Sources */,
				352DD836233C042300F68C78 /* Task+Convenience.swift in Sources */,
				352DD81D233BFFD000F68C78 /* Task.xcdatamodeld in Sources */,
				352DD83A233C1B5D00F68C78 /* DateHelper.swift in Sources */,
				352DD815233BFFD000F68C78 /* AppDelegate.swift in Sources */,
				352DD831233C01FB00F68C78 /* TaskDetailTableViewController.swift in Sources */,
			);
			runOnlyForDeploymentPostprocessing = 0;
		};
/* End PBXSourcesBuildPhase section */

/* Begin PBXVariantGroup section */
		352DD818233BFFD000F68C78 /* Main.storyboard */ = {
			isa = PBXVariantGroup;
			children = (
				352DD819233BFFD000F68C78 /* Base */,
			);
			name = Main.storyboard;
			sourceTree = "<group>";
		};
		352DD820233BFFD000F68C78 /* LaunchScreen.storyboard */ = {
			isa = PBXVariantGroup;
			children = (
				352DD821233BFFD000F68C78 /* Base */,
			);
			name = LaunchScreen.storyboard;
			sourceTree = "<group>";
		};
/* End PBXVariantGroup section */

/* Begin XCBuildConfiguration section */
		352DD824233BFFD000F68C78 /* Debug */ = {
			isa = XCBuildConfiguration;
			buildSettings = {
				ALWAYS_SEARCH_USER_PATHS = NO;
				CLANG_ANALYZER_NONNULL = YES;
				CLANG_ANALYZER_NUMBER_OBJECT_CONVERSION = YES_AGGRESSIVE;
				CLANG_CXX_LANGUAGE_STANDARD = "gnu++14";
				CLANG_CXX_LIBRARY = "libc++";
				CLANG_ENABLE_MODULES = YES;
				CLANG_ENABLE_OBJC_ARC = YES;
				CLANG_ENABLE_OBJC_WEAK = YES;
				CLANG_WARN_BLOCK_CAPTURE_AUTORELEASING = YES;
				CLANG_WARN_BOOL_CONVERSION = YES;
				CLANG_WARN_COMMA = YES;
				CLANG_WARN_CONSTANT_CONVERSION = YES;
				CLANG_WARN_DEPRECATED_OBJC_IMPLEMENTATIONS = YES;
				CLANG_WARN_DIRECT_OBJC_ISA_USAGE = YES_ERROR;
				CLANG_WARN_DOCUMENTATION_COMMENTS = YES;
				CLANG_WARN_EMPTY_BODY = YES;
				CLANG_WARN_ENUM_CONVERSION = YES;
				CLANG_WARN_INFINITE_RECURSION = YES;
				CLANG_WARN_INT_CONVERSION = YES;
				CLANG_WARN_NON_LITERAL_NULL_CONVERSION = YES;
				CLANG_WARN_OBJC_IMPLICIT_RETAIN_SELF = YES;
				CLANG_WARN_OBJC_LITERAL_CONVERSION = YES;
				CLANG_WARN_OBJC_ROOT_CLASS = YES_ERROR;
				CLANG_WARN_RANGE_LOOP_ANALYSIS = YES;
				CLANG_WARN_STRICT_PROTOTYPES = YES;
				CLANG_WARN_SUSPICIOUS_MOVE = YES;
				CLANG_WARN_UNGUARDED_AVAILABILITY = YES_AGGRESSIVE;
				CLANG_WARN_UNREACHABLE_CODE = YES;
				CLANG_WARN__DUPLICATE_METHOD_MATCH = YES;
				CODE_SIGN_IDENTITY = "iPhone Developer";
				COPY_PHASE_STRIP = NO;
				DEBUG_INFORMATION_FORMAT = dwarf;
				ENABLE_STRICT_OBJC_MSGSEND = YES;
				ENABLE_TESTABILITY = YES;
				GCC_C_LANGUAGE_STANDARD = gnu11;
				GCC_DYNAMIC_NO_PIC = NO;
				GCC_NO_COMMON_BLOCKS = YES;
				GCC_OPTIMIZATION_LEVEL = 0;
				GCC_PREPROCESSOR_DEFINITIONS = (
					"DEBUG=1",
					"$(inherited)",
				);
				GCC_WARN_64_TO_32_BIT_CONVERSION = YES;
				GCC_WARN_ABOUT_RETURN_TYPE = YES_ERROR;
				GCC_WARN_UNDECLARED_SELECTOR = YES;
				GCC_WARN_UNINITIALIZED_AUTOS = YES_AGGRESSIVE;
				GCC_WARN_UNUSED_FUNCTION = YES;
				GCC_WARN_UNUSED_VARIABLE = YES;
				IPHONEOS_DEPLOYMENT_TARGET = 12.1;
				MTL_ENABLE_DEBUG_INFO = INCLUDE_SOURCE;
				MTL_FAST_MATH = YES;
				ONLY_ACTIVE_ARCH = YES;
				SDKROOT = iphoneos;
				SWIFT_ACTIVE_COMPILATION_CONDITIONS = DEBUG;
				SWIFT_OPTIMIZATION_LEVEL = "-Onone";
			};
			name = Debug;
		};
		352DD825233BFFD000F68C78 /* Release */ = {
			isa = XCBuildConfiguration;
			buildSettings = {
				ALWAYS_SEARCH_USER_PATHS = NO;
				CLANG_ANALYZER_NONNULL = YES;
				CLANG_ANALYZER_NUMBER_OBJECT_CONVERSION = YES_AGGRESSIVE;
				CLANG_CXX_LANGUAGE_STANDARD = "gnu++14";
				CLANG_CXX_LIBRARY = "libc++";
				CLANG_ENABLE_MODULES = YES;
				CLANG_ENABLE_OBJC_ARC = YES;
				CLANG_ENABLE_OBJC_WEAK = YES;
				CLANG_WARN_BLOCK_CAPTURE_AUTORELEASING = YES;
				CLANG_WARN_BOOL_CONVERSION = YES;
				CLANG_WARN_COMMA = YES;
				CLANG_WARN_CONSTANT_CONVERSION = YES;
				CLANG_WARN_DEPRECATED_OBJC_IMPLEMENTATIONS = YES;
				CLANG_WARN_DIRECT_OBJC_ISA_USAGE = YES_ERROR;
				CLANG_WARN_DOCUMENTATION_COMMENTS = YES;
				CLANG_WARN_EMPTY_BODY = YES;
				CLANG_WARN_ENUM_CONVERSION = YES;
				CLANG_WARN_INFINITE_RECURSION = YES;
				CLANG_WARN_INT_CONVERSION = YES;
				CLANG_WARN_NON_LITERAL_NULL_CONVERSION = YES;
				CLANG_WARN_OBJC_IMPLICIT_RETAIN_SELF = YES;
				CLANG_WARN_OBJC_LITERAL_CONVERSION = YES;
				CLANG_WARN_OBJC_ROOT_CLASS = YES_ERROR;
				CLANG_WARN_RANGE_LOOP_ANALYSIS = YES;
				CLANG_WARN_STRICT_PROTOTYPES = YES;
				CLANG_WARN_SUSPICIOUS_MOVE = YES;
				CLANG_WARN_UNGUARDED_AVAILABILITY = YES_AGGRESSIVE;
				CLANG_WARN_UNREACHABLE_CODE = YES;
				CLANG_WARN__DUPLICATE_METHOD_MATCH = YES;
				CODE_SIGN_IDENTITY = "iPhone Developer";
				COPY_PHASE_STRIP = NO;
				DEBUG_INFORMATION_FORMAT = "dwarf-with-dsym";
				ENABLE_NS_ASSERTIONS = NO;
				ENABLE_STRICT_OBJC_MSGSEND = YES;
				GCC_C_LANGUAGE_STANDARD = gnu11;
				GCC_NO_COMMON_BLOCKS = YES;
				GCC_WARN_64_TO_32_BIT_CONVERSION = YES;
				GCC_WARN_ABOUT_RETURN_TYPE = YES_ERROR;
				GCC_WARN_UNDECLARED_SELECTOR = YES;
				GCC_WARN_UNINITIALIZED_AUTOS = YES_AGGRESSIVE;
				GCC_WARN_UNUSED_FUNCTION = YES;
				GCC_WARN_UNUSED_VARIABLE = YES;
				IPHONEOS_DEPLOYMENT_TARGET = 12.1;
				MTL_ENABLE_DEBUG_INFO = NO;
				MTL_FAST_MATH = YES;
				SDKROOT = iphoneos;
				SWIFT_COMPILATION_MODE = wholemodule;
				SWIFT_OPTIMIZATION_LEVEL = "-O";
				VALIDATE_PRODUCT = YES;
			};
			name = Release;
		};
		352DD827233BFFD000F68C78 /* Debug */ = {
			isa = XCBuildConfiguration;
			buildSettings = {
				ASSETCATALOG_COMPILER_APPICON_NAME = AppIcon;
				CODE_SIGN_STYLE = Automatic;
				DEVELOPMENT_TEAM = EANQJ7L949;
				INFOPLIST_FILE = "$(SRCROOT)/Task/Resources/Info.plist";
				LD_RUNPATH_SEARCH_PATHS = (
					"$(inherited)",
					"@executable_path/Frameworks",
				);
				PRODUCT_BUNDLE_IDENTIFIER = com.squantoinc.Task;
				PRODUCT_NAME = "$(TARGET_NAME)";
				SWIFT_VERSION = 4.2;
				TARGETED_DEVICE_FAMILY = "1,2";
			};
			name = Debug;
		};
		352DD828233BFFD000F68C78 /* Release */ = {
			isa = XCBuildConfiguration;
			buildSettings = {
				ASSETCATALOG_COMPILER_APPICON_NAME = AppIcon;
				CODE_SIGN_STYLE = Automatic;
				DEVELOPMENT_TEAM = EANQJ7L949;
				INFOPLIST_FILE = "$(SRCROOT)/Task/Resources/Info.plist";
				LD_RUNPATH_SEARCH_PATHS = (
					"$(inherited)",
					"@executable_path/Frameworks",
				);
				PRODUCT_BUNDLE_IDENTIFIER = com.squantoinc.Task;
				PRODUCT_NAME = "$(TARGET_NAME)";
				SWIFT_VERSION = 4.2;
				TARGETED_DEVICE_FAMILY = "1,2";
			};
			name = Release;
		};
/* End XCBuildConfiguration section */

/* Begin XCConfigurationList section */
		352DD80C233BFFD000F68C78 /* Build configuration list for PBXProject "Task" */ = {
			isa = XCConfigurationList;
			buildConfigurations = (
				352DD824233BFFD000F68C78 /* Debug */,
				352DD825233BFFD000F68C78 /* Release */,
			);
			defaultConfigurationIsVisible = 0;
			defaultConfigurationName = Release;
		};
		352DD826233BFFD000F68C78 /* Build configuration list for PBXNativeTarget "Task" */ = {
			isa = XCConfigurationList;
			buildConfigurations = (
				352DD827233BFFD000F68C78 /* Debug */,
				352DD828233BFFD000F68C78 /* Release */,
			);
			defaultConfigurationIsVisible = 0;
			defaultConfigurationName = Release;
		};
/* End XCConfigurationList section */

/* Begin XCVersionGroup section */
		352DD81B233BFFD000F68C78 /* Task.xcdatamodeld */ = {
			isa = XCVersionGroup;
			children = (
				352DD81C233BFFD000F68C78 /* Task.xcdatamodel */,
			);
			currentVersion = 352DD81C233BFFD000F68C78 /* Task.xcdatamodel */;
			path = Task.xcdatamodeld;
			sourceTree = "<group>";
			versionGroupType = wrapper.xcdatamodel;
		};
/* End XCVersionGroup section */
	};
	rootObject = 352DD809233BFFD000F68C78 /* Project object */;
}
